// !$*UTF8*$!
{
	archiveVersion = 1;
	classes = {
	};
	objectVersion = 50;
	objects = {

/* Begin PBXBuildFile section */
		D14302E22227AC5E002346DB /* SpaceViewController.swift in Sources */ = {isa = PBXBuildFile; fileRef = D14302E12227AC5E002346DB /* SpaceViewController.swift */; };
		D1653B6D222365B3007BB9CD /* SpaceData.swift in Sources */ = {isa = PBXBuildFile; fileRef = D1653B6C222365B3007BB9CD /* SpaceData.swift */; };
		D1653B6F222367A6007BB9CD /* SpaceTableViewCell.swift in Sources */ = {isa = PBXBuildFile; fileRef = D1653B6E222367A6007BB9CD /* SpaceTableViewCell.swift */; };
		D1653B71222369C7007BB9CD /* SpaceTableViewController.swift in Sources */ = {isa = PBXBuildFile; fileRef = D1653B70222369C7007BB9CD /* SpaceTableViewController.swift */; };
		D1923D28221E440A00D214C6 /* AppDelegate.swift in Sources */ = {isa = PBXBuildFile; fileRef = D1923D27221E440A00D214C6 /* AppDelegate.swift */; };
		D1923D2D221E440A00D214C6 /* Main.storyboard in Resources */ = {isa = PBXBuildFile; fileRef = D1923D2B221E440A00D214C6 /* Main.storyboard */; };
		D1923D2F221E440C00D214C6 /* Assets.xcassets in Resources */ = {isa = PBXBuildFile; fileRef = D1923D2E221E440C00D214C6 /* Assets.xcassets */; };
		D1923D32221E440C00D214C6 /* LaunchScreen.storyboard in Resources */ = {isa = PBXBuildFile; fileRef = D1923D30221E440C00D214C6 /* LaunchScreen.storyboard */; };
		D1923D3D221E440D00D214C6 /* TumolinkiOSClientTests.swift in Sources */ = {isa = PBXBuildFile; fileRef = D1923D3C221E440D00D214C6 /* TumolinkiOSClientTests.swift */; };
		D1923D48221E440D00D214C6 /* TumolinkiOSClientUITests.swift in Sources */ = {isa = PBXBuildFile; fileRef = D1923D47221E440D00D214C6 /* TumolinkiOSClientUITests.swift */; };
/* End PBXBuildFile section */

/* Begin PBXContainerItemProxy section */
		D1923D39221E440D00D214C6 /* PBXContainerItemProxy */ = {
			isa = PBXContainerItemProxy;
			containerPortal = D1923D1C221E440A00D214C6 /* Project object */;
			proxyType = 1;
			remoteGlobalIDString = D1923D23221E440A00D214C6;
			remoteInfo = TumolinkiOSClient;
		};
		D1923D44221E440D00D214C6 /* PBXContainerItemProxy */ = {
			isa = PBXContainerItemProxy;
			containerPortal = D1923D1C221E440A00D214C6 /* Project object */;
			proxyType = 1;
			remoteGlobalIDString = D1923D23221E440A00D214C6;
			remoteInfo = TumolinkiOSClient;
		};
/* End PBXContainerItemProxy section */

/* Begin PBXFileReference section */
		D14302E12227AC5E002346DB /* SpaceViewController.swift */ = {isa = PBXFileReference; lastKnownFileType = sourcecode.swift; path = SpaceViewController.swift; sourceTree = "<group>"; };
		D1653B6C222365B3007BB9CD /* SpaceData.swift */ = {isa = PBXFileReference; lastKnownFileType = sourcecode.swift; path = SpaceData.swift; sourceTree = "<group>"; };
		D1653B6E222367A6007BB9CD /* SpaceTableViewCell.swift */ = {isa = PBXFileReference; lastKnownFileType = sourcecode.swift; path = SpaceTableViewCell.swift; sourceTree = "<group>"; };
		D1653B70222369C7007BB9CD /* SpaceTableViewController.swift */ = {isa = PBXFileReference; lastKnownFileType = sourcecode.swift; path = SpaceTableViewController.swift; sourceTree = "<group>"; };
		D1923D24221E440A00D214C6 /* TumolinkiOSClient.app */ = {isa = PBXFileReference; explicitFileType = wrapper.application; includeInIndex = 0; path = TumolinkiOSClient.app; sourceTree = BUILT_PRODUCTS_DIR; };
		D1923D27221E440A00D214C6 /* AppDelegate.swift */ = {isa = PBXFileReference; lastKnownFileType = sourcecode.swift; path = AppDelegate.swift; sourceTree = "<group>"; };
		D1923D2C221E440A00D214C6 /* Base */ = {isa = PBXFileReference; lastKnownFileType = file.storyboard; name = Base; path = Base.lproj/Main.storyboard; sourceTree = "<group>"; };
		D1923D2E221E440C00D214C6 /* Assets.xcassets */ = {isa = PBXFileReference; lastKnownFileType = folder.assetcatalog; path = Assets.xcassets; sourceTree = "<group>"; };
		D1923D31221E440C00D214C6 /* Base */ = {isa = PBXFileReference; lastKnownFileType = file.storyboard; name = Base; path = Base.lproj/LaunchScreen.storyboard; sourceTree = "<group>"; };
		D1923D33221E440C00D214C6 /* Info.plist */ = {isa = PBXFileReference; lastKnownFileType = text.plist.xml; path = Info.plist; sourceTree = "<group>"; };
		D1923D38221E440D00D214C6 /* TumolinkiOSClientTests.xctest */ = {isa = PBXFileReference; explicitFileType = wrapper.cfbundle; includeInIndex = 0; path = TumolinkiOSClientTests.xctest; sourceTree = BUILT_PRODUCTS_DIR; };
		D1923D3C221E440D00D214C6 /* TumolinkiOSClientTests.swift */ = {isa = PBXFileReference; lastKnownFileType = sourcecode.swift; path = TumolinkiOSClientTests.swift; sourceTree = "<group>"; };
		D1923D3E221E440D00D214C6 /* Info.plist */ = {isa = PBXFileReference; lastKnownFileType = text.plist.xml; path = Info.plist; sourceTree = "<group>"; };
		D1923D43221E440D00D214C6 /* TumolinkiOSClientUITests.xctest */ = {isa = PBXFileReference; explicitFileType = wrapper.cfbundle; includeInIndex = 0; path = TumolinkiOSClientUITests.xctest; sourceTree = BUILT_PRODUCTS_DIR; };
		D1923D47221E440D00D214C6 /* TumolinkiOSClientUITests.swift */ = {isa = PBXFileReference; lastKnownFileType = sourcecode.swift; path = TumolinkiOSClientUITests.swift; sourceTree = "<group>"; };
		D1923D49221E440D00D214C6 /* Info.plist */ = {isa = PBXFileReference; lastKnownFileType = text.plist.xml; path = Info.plist; sourceTree = "<group>"; };
/* End PBXFileReference section */

/* Begin PBXFrameworksBuildPhase section */
		D1923D21221E440A00D214C6 /* Frameworks */ = {
			isa = PBXFrameworksBuildPhase;
			buildActionMask = 2147483647;
			files = (
			);
			runOnlyForDeploymentPostprocessing = 0;
		};
		D1923D35221E440D00D214C6 /* Frameworks */ = {
			isa = PBXFrameworksBuildPhase;
			buildActionMask = 2147483647;
			files = (
			);
			runOnlyForDeploymentPostprocessing = 0;
		};
		D1923D40221E440D00D214C6 /* Frameworks */ = {
			isa = PBXFrameworksBuildPhase;
			buildActionMask = 2147483647;
			files = (
			);
			runOnlyForDeploymentPostprocessing = 0;
		};
/* End PBXFrameworksBuildPhase section */

/* Begin PBXGroup section */
		D1923D1B221E440A00D214C6 = {
			isa = PBXGroup;
			children = (
				D1923D26221E440A00D214C6 /* TumolinkiOSClient */,
				D1923D3B221E440D00D214C6 /* TumolinkiOSClientTests */,
				D1923D46221E440D00D214C6 /* TumolinkiOSClientUITests */,
				D1923D25221E440A00D214C6 /* Products */,
			);
			sourceTree = "<group>";
		};
		D1923D25221E440A00D214C6 /* Products */ = {
			isa = PBXGroup;
			children = (
				D1923D24221E440A00D214C6 /* TumolinkiOSClient.app */,
				D1923D38221E440D00D214C6 /* TumolinkiOSClientTests.xctest */,
				D1923D43221E440D00D214C6 /* TumolinkiOSClientUITests.xctest */,
			);
			name = Products;
			sourceTree = "<group>";
		};
		D1923D26221E440A00D214C6 /* TumolinkiOSClient */ = {
			isa = PBXGroup;
			children = (
				D1923D27221E440A00D214C6 /* AppDelegate.swift */,
				D14302E12227AC5E002346DB /* SpaceViewController.swift */,
				D1653B70222369C7007BB9CD /* SpaceTableViewController.swift */,
				D1653B6C222365B3007BB9CD /* SpaceData.swift */,
				D1653B6E222367A6007BB9CD /* SpaceTableViewCell.swift */,
				D1923D2B221E440A00D214C6 /* Main.storyboard */,
				D1923D2E221E440C00D214C6 /* Assets.xcassets */,
				D1923D30221E440C00D214C6 /* LaunchScreen.storyboard */,
				D1923D33221E440C00D214C6 /* Info.plist */,
			);
			path = TumolinkiOSClient;
			sourceTree = "<group>";
		};
		D1923D3B221E440D00D214C6 /* TumolinkiOSClientTests */ = {
			isa = PBXGroup;
			children = (
				D1923D3C221E440D00D214C6 /* TumolinkiOSClientTests.swift */,
				D1923D3E221E440D00D214C6 /* Info.plist */,
			);
			path = TumolinkiOSClientTests;
			sourceTree = "<group>";
		};
		D1923D46221E440D00D214C6 /* TumolinkiOSClientUITests */ = {
			isa = PBXGroup;
			children = (
				D1923D47221E440D00D214C6 /* TumolinkiOSClientUITests.swift */,
				D1923D49221E440D00D214C6 /* Info.plist */,
			);
			path = TumolinkiOSClientUITests;
			sourceTree = "<group>";
		};
/* End PBXGroup section */

/* Begin PBXNativeTarget section */
		D1923D23221E440A00D214C6 /* TumolinkiOSClient */ = {
			isa = PBXNativeTarget;
			buildConfigurationList = D1923D4C221E440D00D214C6 /* Build configuration list for PBXNativeTarget "TumolinkiOSClient" */;
			buildPhases = (
				D1923D20221E440A00D214C6 /* Sources */,
				D1923D21221E440A00D214C6 /* Frameworks */,
				D1923D22221E440A00D214C6 /* Resources */,
			);
			buildRules = (
			);
			dependencies = (
			);
			name = TumolinkiOSClient;
			productName = TumolinkiOSClient;
			productReference = D1923D24221E440A00D214C6 /* TumolinkiOSClient.app */;
			productType = "com.apple.product-type.application";
		};
		D1923D37221E440D00D214C6 /* TumolinkiOSClientTests */ = {
			isa = PBXNativeTarget;
			buildConfigurationList = D1923D4F221E440D00D214C6 /* Build configuration list for PBXNativeTarget "TumolinkiOSClientTests" */;
			buildPhases = (
				D1923D34221E440D00D214C6 /* Sources */,
				D1923D35221E440D00D214C6 /* Frameworks */,
				D1923D36221E440D00D214C6 /* Resources */,
			);
			buildRules = (
			);
			dependencies = (
				D1923D3A221E440D00D214C6 /* PBXTargetDependency */,
			);
			name = TumolinkiOSClientTests;
			productName = TumolinkiOSClientTests;
			productReference = D1923D38221E440D00D214C6 /* TumolinkiOSClientTests.xctest */;
			productType = "com.apple.product-type.bundle.unit-test";
		};
		D1923D42221E440D00D214C6 /* TumolinkiOSClientUITests */ = {
			isa = PBXNativeTarget;
			buildConfigurationList = D1923D52221E440D00D214C6 /* Build configuration list for PBXNativeTarget "TumolinkiOSClientUITests" */;
			buildPhases = (
				D1923D3F221E440D00D214C6 /* Sources */,
				D1923D40221E440D00D214C6 /* Frameworks */,
				D1923D41221E440D00D214C6 /* Resources */,
			);
			buildRules = (
			);
			dependencies = (
				D1923D45221E440D00D214C6 /* PBXTargetDependency */,
			);
			name = TumolinkiOSClientUITests;
			productName = TumolinkiOSClientUITests;
			productReference = D1923D43221E440D00D214C6 /* TumolinkiOSClientUITests.xctest */;
			productType = "com.apple.product-type.bundle.ui-testing";
		};
/* End PBXNativeTarget section */

/* Begin PBXProject section */
		D1923D1C221E440A00D214C6 /* Project object */ = {
			isa = PBXProject;
			attributes = {
				LastSwiftUpdateCheck = 0930;
				LastUpgradeCheck = 0930;
				ORGANIZATIONNAME = YoheiTerashima;
				TargetAttributes = {
					D1923D23221E440A00D214C6 = {
						CreatedOnToolsVersion = 9.3;
					};
					D1923D37221E440D00D214C6 = {
						CreatedOnToolsVersion = 9.3;
						TestTargetID = D1923D23221E440A00D214C6;
					};
					D1923D42221E440D00D214C6 = {
						CreatedOnToolsVersion = 9.3;
						TestTargetID = D1923D23221E440A00D214C6;
					};
				};
			};
			buildConfigurationList = D1923D1F221E440A00D214C6 /* Build configuration list for PBXProject "TumolinkiOSClient" */;
			compatibilityVersion = "Xcode 9.3";
			developmentRegion = en;
			hasScannedForEncodings = 0;
			knownRegions = (
				en,
				Base,
			);
			mainGroup = D1923D1B221E440A00D214C6;
			productRefGroup = D1923D25221E440A00D214C6 /* Products */;
			projectDirPath = "";
			projectRoot = "";
			targets = (
				D1923D23221E440A00D214C6 /* TumolinkiOSClient */,
				D1923D37221E440D00D214C6 /* TumolinkiOSClientTests */,
				D1923D42221E440D00D214C6 /* TumolinkiOSClientUITests */,
			);
		};
/* End PBXProject section */

/* Begin PBXResourcesBuildPhase section */
		D1923D22221E440A00D214C6 /* Resources */ = {
			isa = PBXResourcesBuildPhase;
			buildActionMask = 2147483647;
			files = (
				D1923D32221E440C00D214C6 /* LaunchScreen.storyboard in Resources */,
				D1923D2F221E440C00D214C6 /* Assets.xcassets in Resources */,
				D1923D2D221E440A00D214C6 /* Main.storyboard in Resources */,
			);
			runOnlyForDeploymentPostprocessing = 0;
		};
		D1923D36221E440D00D214C6 /* Resources */ = {
			isa = PBXResourcesBuildPhase;
			buildActionMask = 2147483647;
			files = (
			);
			runOnlyForDeploymentPostprocessing = 0;
		};
		D1923D41221E440D00D214C6 /* Resources */ = {
			isa = PBXResourcesBuildPhase;
			buildActionMask = 2147483647;
			files = (
			);
			runOnlyForDeploymentPostprocessing = 0;
		};
/* End PBXResourcesBuildPhase section */

/* Begin PBXSourcesBuildPhase section */
		D1923D20221E440A00D214C6 /* Sources */ = {
			isa = PBXSourcesBuildPhase;
			buildActionMask = 2147483647;
			files = (
				D14302E22227AC5E002346DB /* SpaceViewController.swift in Sources */,
				D1653B71222369C7007BB9CD /* SpaceTableViewController.swift in Sources */,
				D1653B6D222365B3007BB9CD /* SpaceData.swift in Sources */,
				D1653B6F222367A6007BB9CD /* SpaceTableViewCell.swift in Sources */,
				D1923D28221E440A00D214C6 /* AppDelegate.swift in Sources */,
			);
			runOnlyForDeploymentPostprocessing = 0;
		};
		D1923D34221E440D00D214C6 /* Sources */ = {
			isa = PBXSourcesBuildPhase;
			buildActionMask = 2147483647;
			files = (
				D1923D3D221E440D00D214C6 /* TumolinkiOSClientTests.swift in Sources */,
			);
			runOnlyForDeploymentPostprocessing = 0;
		};
		D1923D3F221E440D00D214C6 /* Sources */ = {
			isa = PBXSourcesBuildPhase;
			buildActionMask = 2147483647;
			files = (
				D1923D48221E440D00D214C6 /* TumolinkiOSClientUITests.swift in Sources */,
			);
			runOnlyForDeploymentPostprocessing = 0;
		};
/* End PBXSourcesBuildPhase section */

/* Begin PBXTargetDependency section */
		D1923D3A221E440D00D214C6 /* PBXTargetDependency */ = {
			isa = PBXTargetDependency;
			target = D1923D23221E440A00D214C6 /* TumolinkiOSClient */;
			targetProxy = D1923D39221E440D00D214C6 /* PBXContainerItemProxy */;
		};
		D1923D45221E440D00D214C6 /* PBXTargetDependency */ = {
			isa = PBXTargetDependency;
			target = D1923D23221E440A00D214C6 /* TumolinkiOSClient */;
			targetProxy = D1923D44221E440D00D214C6 /* PBXContainerItemProxy */;
		};
/* End PBXTargetDependency section */

/* Begin PBXVariantGroup section */
		D1923D2B221E440A00D214C6 /* Main.storyboard */ = {
			isa = PBXVariantGroup;
			children = (
				D1923D2C221E440A00D214C6 /* Base */,
			);
			name = Main.storyboard;
			sourceTree = "<group>";
		};
		D1923D30221E440C00D214C6 /* LaunchScreen.storyboard */ = {
			isa = PBXVariantGroup;
			children = (
				D1923D31221E440C00D214C6 /* Base */,
			);
			name = LaunchScreen.storyboard;
			sourceTree = "<group>";
		};
/* End PBXVariantGroup section */

/* Begin XCBuildConfiguration section */
		D1923D4A221E440D00D214C6 /* Debug */ = {
			isa = XCBuildConfiguration;
			buildSettings = {
				ALWAYS_SEARCH_USER_PATHS = NO;
				CLANG_ANALYZER_NONNULL = YES;
				CLANG_ANALYZER_NUMBER_OBJECT_CONVERSION = YES_AGGRESSIVE;
				CLANG_CXX_LANGUAGE_STANDARD = "gnu++14";
				CLANG_CXX_LIBRARY = "libc++";
				CLANG_ENABLE_MODULES = YES;
				CLANG_ENABLE_OBJC_ARC = YES;
				CLANG_ENABLE_OBJC_WEAK = YES;
				CLANG_WARN_BLOCK_CAPTURE_AUTORELEASING = YES;
				CLANG_WARN_BOOL_CONVERSION = YES;
				CLANG_WARN_COMMA = YES;
				CLANG_WARN_CONSTANT_CONVERSION = YES;
				CLANG_WARN_DEPRECATED_OBJC_IMPLEMENTATIONS = YES;
				CLANG_WARN_DIRECT_OBJC_ISA_USAGE = YES_ERROR;
				CLANG_WARN_DOCUMENTATION_COMMENTS = YES;
				CLANG_WARN_EMPTY_BODY = YES;
				CLANG_WARN_ENUM_CONVERSION = YES;
				CLANG_WARN_INFINITE_RECURSION = YES;
				CLANG_WARN_INT_CONVERSION = YES;
				CLANG_WARN_NON_LITERAL_NULL_CONVERSION = YES;
				CLANG_WARN_OBJC_IMPLICIT_RETAIN_SELF = YES;
				CLANG_WARN_OBJC_LITERAL_CONVERSION = YES;
				CLANG_WARN_OBJC_ROOT_CLASS = YES_ERROR;
				CLANG_WARN_RANGE_LOOP_ANALYSIS = YES;
				CLANG_WARN_STRICT_PROTOTYPES = YES;
				CLANG_WARN_SUSPICIOUS_MOVE = YES;
				CLANG_WARN_UNGUARDED_AVAILABILITY = YES_AGGRESSIVE;
				CLANG_WARN_UNREACHABLE_CODE = YES;
				CLANG_WARN__DUPLICATE_METHOD_MATCH = YES;
				CODE_SIGN_IDENTITY = "iPhone Developer";
				COPY_PHASE_STRIP = NO;
				DEBUG_INFORMATION_FORMAT = dwarf;
				ENABLE_STRICT_OBJC_MSGSEND = YES;
				ENABLE_TESTABILITY = YES;
				GCC_C_LANGUAGE_STANDARD = gnu11;
				GCC_DYNAMIC_NO_PIC = NO;
				GCC_NO_COMMON_BLOCKS = YES;
				GCC_OPTIMIZATION_LEVEL = 0;
				GCC_PREPROCESSOR_DEFINITIONS = (
					"DEBUG=1",
					"$(inherited)",
				);
				GCC_WARN_64_TO_32_BIT_CONVERSION = YES;
				GCC_WARN_ABOUT_RETURN_TYPE = YES_ERROR;
				GCC_WARN_UNDECLARED_SELECTOR = YES;
				GCC_WARN_UNINITIALIZED_AUTOS = YES_AGGRESSIVE;
				GCC_WARN_UNUSED_FUNCTION = YES;
				GCC_WARN_UNUSED_VARIABLE = YES;
				IPHONEOS_DEPLOYMENT_TARGET = 11.3;
				MTL_ENABLE_DEBUG_INFO = YES;
				ONLY_ACTIVE_ARCH = YES;
				SDKROOT = iphoneos;
				SWIFT_ACTIVE_COMPILATION_CONDITIONS = DEBUG;
				SWIFT_OPTIMIZATION_LEVEL = "-Onone";
			};
			name = Debug;
		};
		D1923D4B221E440D00D214C6 /* Release */ = {
			isa = XCBuildConfiguration;
			buildSettings = {
				ALWAYS_SEARCH_USER_PATHS = NO;
				CLANG_ANALYZER_NONNULL = YES;
				CLANG_ANALYZER_NUMBER_OBJECT_CONVERSION = YES_AGGRESSIVE;
				CLANG_CXX_LANGUAGE_STANDARD = "gnu++14";
				CLANG_CXX_LIBRARY = "libc++";
				CLANG_ENABLE_MODULES = YES;
				CLANG_ENABLE_OBJC_ARC = YES;
				CLANG_ENABLE_OBJC_WEAK = YES;
				CLANG_WARN_BLOCK_CAPTURE_AUTORELEASING = YES;
				CLANG_WARN_BOOL_CONVERSION = YES;
				CLANG_WARN_COMMA = YES;
				CLANG_WARN_CONSTANT_CONVERSION = YES;
				CLANG_WARN_DEPRECATED_OBJC_IMPLEMENTATIONS = YES;
				CLANG_WARN_DIRECT_OBJC_ISA_USAGE = YES_ERROR;
				CLANG_WARN_DOCUMENTATION_COMMENTS = YES;
				CLANG_WARN_EMPTY_BODY = YES;
				CLANG_WARN_ENUM_CONVERSION = YES;
				CLANG_WARN_INFINITE_RECURSION = YES;
				CLANG_WARN_INT_CONVERSION = YES;
				CLANG_WARN_NON_LITERAL_NULL_CONVERSION = YES;
				CLANG_WARN_OBJC_IMPLICIT_RETAIN_SELF = YES;
				CLANG_WARN_OBJC_LITERAL_CONVERSION = YES;
				CLANG_WARN_OBJC_ROOT_CLASS = YES_ERROR;
				CLANG_WARN_RANGE_LOOP_ANALYSIS = YES;
				CLANG_WARN_STRICT_PROTOTYPES = YES;
				CLANG_WARN_SUSPICIOUS_MOVE = YES;
				CLANG_WARN_UNGUARDED_AVAILABILITY = YES_AGGRESSIVE;
				CLANG_WARN_UNREACHABLE_CODE = YES;
				CLANG_WARN__DUPLICATE_METHOD_MATCH = YES;
				CODE_SIGN_IDENTITY = "iPhone Developer";
				COPY_PHASE_STRIP = NO;
				DEBUG_INFORMATION_FORMAT = "dwarf-with-dsym";
				ENABLE_NS_ASSERTIONS = NO;
				ENABLE_STRICT_OBJC_MSGSEND = YES;
				GCC_C_LANGUAGE_STANDARD = gnu11;
				GCC_NO_COMMON_BLOCKS = YES;
				GCC_WARN_64_TO_32_BIT_CONVERSION = YES;
				GCC_WARN_ABOUT_RETURN_TYPE = YES_ERROR;
				GCC_WARN_UNDECLARED_SELECTOR = YES;
				GCC_WARN_UNINITIALIZED_AUTOS = YES_AGGRESSIVE;
				GCC_WARN_UNUSED_FUNCTION = YES;
				GCC_WARN_UNUSED_VARIABLE = YES;
				IPHONEOS_DEPLOYMENT_TARGET = 11.3;
				MTL_ENABLE_DEBUG_INFO = NO;
				SDKROOT = iphoneos;
				SWIFT_COMPILATION_MODE = wholemodule;
				SWIFT_OPTIMIZATION_LEVEL = "-O";
				VALIDATE_PRODUCT = YES;
			};
			name = Release;
		};
		D1923D4D221E440D00D214C6 /* Debug */ = {
			isa = XCBuildConfiguration;
			buildSettings = {
				ASSETCATALOG_COMPILER_APPICON_NAME = AppIcon;
				CODE_SIGN_STYLE = Automatic;
				DEVELOPMENT_TEAM = DCYC29YYSD;
				INFOPLIST_FILE = TumolinkiOSClient/Info.plist;
				LD_RUNPATH_SEARCH_PATHS = (
					"$(inherited)",
					"@executable_path/Frameworks",
				);
				PRODUCT_BUNDLE_IDENTIFIER = com.yoheiterashima.TumolinkiOSClient;
				PRODUCT_NAME = "$(TARGET_NAME)";
				SWIFT_VERSION = 4.0;
				TARGETED_DEVICE_FAMILY = "1,2";
			};
			name = Debug;
		};
		D1923D4E221E440D00D214C6 /* Release */ = {
			isa = XCBuildConfiguration;
			buildSettings = {
				ASSETCATALOG_COMPILER_APPICON_NAME = AppIcon;
				CODE_SIGN_STYLE = Automatic;
				DEVELOPMENT_TEAM = DCYC29YYSD;
				INFOPLIST_FILE = TumolinkiOSClient/Info.plist;
				LD_RUNPATH_SEARCH_PATHS = (
					"$(inherited)",
					"@executable_path/Frameworks",
				);
				PRODUCT_BUNDLE_IDENTIFIER = com.yoheiterashima.TumolinkiOSClient;
				PRODUCT_NAME = "$(TARGET_NAME)";
				SWIFT_VERSION = 4.0;
				TARGETED_DEVICE_FAMILY = "1,2";
			};
			name = Release;
		};
		D1923D50221E440D00D214C6 /* Debug */ = {
			isa = XCBuildConfiguration;
			buildSettings = {
				ALWAYS_EMBED_SWIFT_STANDARD_LIBRARIES = YES;
				BUNDLE_LOADER = "$(TEST_HOST)";
				CODE_SIGN_STYLE = Automatic;
				DEVELOPMENT_TEAM = DCYC29YYSD;
				INFOPLIST_FILE = TumolinkiOSClientTests/Info.plist;
				LD_RUNPATH_SEARCH_PATHS = (
					"$(inherited)",
					"@executable_path/Frameworks",
					"@loader_path/Frameworks",
				);
				PRODUCT_BUNDLE_IDENTIFIER = com.yoheiterashima.TumolinkiOSClientTests;
				PRODUCT_NAME = "$(TARGET_NAME)";
				SWIFT_VERSION = 4.0;
				TARGETED_DEVICE_FAMILY = "1,2";
				TEST_HOST = "$(BUILT_PRODUCTS_DIR)/TumolinkiOSClient.app/TumolinkiOSClient";
			};
			name = Debug;
		};
		D1923D51221E440D00D214C6 /* Release */ = {
			isa = XCBuildConfiguration;
			buildSettings = {
				ALWAYS_EMBED_SWIFT_STANDARD_LIBRARIES = YES;
				BUNDLE_LOADER = "$(TEST_HOST)";
				CODE_SIGN_STYLE = Automatic;
				DEVELOPMENT_TEAM = DCYC29YYSD;
				INFOPLIST_FILE = TumolinkiOSClientTests/Info.plist;
				LD_RUNPATH_SEARCH_PATHS = (
					"$(inherited)",
					"@executable_path/Frameworks",
					"@loader_path/Frameworks",
				);
				PRODUCT_BUNDLE_IDENTIFIER = com.yoheiterashima.TumolinkiOSClientTests;
				PRODUCT_NAME = "$(TARGET_NAME)";
				SWIFT_VERSION = 4.0;
				TARGETED_DEVICE_FAMILY = "1,2";
				TEST_HOST = "$(BUILT_PRODUCTS_DIR)/TumolinkiOSClient.app/TumolinkiOSClient";
			};
			name = Release;
		};
		D1923D53221E440D00D214C6 /* Debug */ = {
			isa = XCBuildConfiguration;
			buildSettings = {
				ALWAYS_EMBED_SWIFT_STANDARD_LIBRARIES = YES;
				CODE_SIGN_STYLE = Automatic;
				DEVELOPMENT_TEAM = DCYC29YYSD;
				INFOPLIST_FILE = TumolinkiOSClientUITests/Info.plist;
				LD_RUNPATH_SEARCH_PATHS = (
					"$(inherited)",
					"@executable_path/Frameworks",
					"@loader_path/Frameworks",
				);
				PRODUCT_BUNDLE_IDENTIFIER = com.yoheiterashima.TumolinkiOSClientUITests;
				PRODUCT_NAME = "$(TARGET_NAME)";
				SWIFT_VERSION = 4.0;
				TARGETED_DEVICE_FAMILY = "1,2";
				TEST_TARGET_NAME = TumolinkiOSClient;
			};
			name = Debug;
		};
		D1923D54221E440D00D214C6 /* Release */ = {
			isa = XCBuildConfiguration;
			buildSettings = {
				ALWAYS_EMBED_SWIFT_STANDARD_LIBRARIES = YES;
				CODE_SIGN_STYLE = Automatic;
				DEVELOPMENT_TEAM = DCYC29YYSD;
				INFOPLIST_FILE = TumolinkiOSClientUITests/Info.plist;
				LD_RUNPATH_SEARCH_PATHS = (
					"$(inherited)",
					"@executable_path/Frameworks",
					"@loader_path/Frameworks",
				);
				PRODUCT_BUNDLE_IDENTIFIER = com.yoheiterashima.TumolinkiOSClientUITests;
				PRODUCT_NAME = "$(TARGET_NAME)";
				SWIFT_VERSION = 4.0;
				TARGETED_DEVICE_FAMILY = "1,2";
				TEST_TARGET_NAME = TumolinkiOSClient;
			};
			name = Release;
		};
/* End XCBuildConfiguration section */

/* Begin XCConfigurationList section */
		D1923D1F221E440A00D214C6 /* Build configuration list for PBXProject "TumolinkiOSClient" */ = {
			isa = XCConfigurationList;
			buildConfigurations = (
				D1923D4A221E440D00D214C6 /* Debug */,
				D1923D4B221E440D00D214C6 /* Release */,
			);
			defaultConfigurationIsVisible = 0;
			defaultConfigurationName = Release;
		};
		D1923D4C221E440D00D214C6 /* Build configuration list for PBXNativeTarget "TumolinkiOSClient" */ = {
			isa = XCConfigurationList;
			buildConfigurations = (
				D1923D4D221E440D00D214C6 /* Debug */,
				D1923D4E221E440D00D214C6 /* Release */,
			);
			defaultConfigurationIsVisible = 0;
			defaultConfigurationName = Release;
		};
		D1923D4F221E440D00D214C6 /* Build configuration list for PBXNativeTarget "TumolinkiOSClientTests" */ = {
			isa = XCConfigurationList;
			buildConfigurations = (
				D1923D50221E440D00D214C6 /* Debug */,
				D1923D51221E440D00D214C6 /* Release */,
			);
			defaultConfigurationIsVisible = 0;
			defaultConfigurationName = Release;
		};
		D1923D52221E440D00D214C6 /* Build configuration list for PBXNativeTarget "TumolinkiOSClientUITests" */ = {
			isa = XCConfigurationList;
			buildConfigurations = (
				D1923D53221E440D00D214C6 /* Debug */,
				D1923D54221E440D00D214C6 /* Release */,
			);
			defaultConfigurationIsVisible = 0;
			defaultConfigurationName = Release;
		};
/* End XCConfigurationList section */
	};
	rootObject = D1923D1C221E440A00D214C6 /* Project object */;
}
